
Microsoft Visual Studio Solution File, Format Version 12.00
# Visual Studio 15
VisualStudioVersion = 15.0.28010.2016
MinimumVisualStudioVersion = 10.0.40219.1
Project("{FAE04EC0-301F-11D3-BF4B-00C04F79EFBC}") = "CMS_Project", "CMS_Project\CMS_Project.csproj", "{8E967EDA-194F-4A43-8024-4D03FC1AFF58}"
EndProject
Global
	GlobalSection(SolutionConfigurationPlatforms) = preSolution
		Debug|Any CPU = Debug|Any CPU
		Release|Any CPU = Release|Any CPU
	EndGlobalSection
	GlobalSection(ProjectConfigurationPlatforms) = postSolution
		{8E967EDA-194F-4A43-8024-4D03FC1AFF58}.Debug|Any CPU.ActiveCfg = Debug|Any CPU
		{8E967EDA-194F-4A43-8024-4D03FC1AFF58}.Debug|Any CPU.Build.0 = Debug|Any CPU
		{8E967EDA-194F-4A43-8024-4D03FC1AFF58}.Release|Any CPU.ActiveCfg = Release|Any CPU
		{8E967EDA-194F-4A43-8024-4D03FC1AFF58}.Release|Any CPU.Build.0 = Release|Any CPU
	EndGlobalSection
	GlobalSection(SolutionProperties) = preSolution
		HideSolutionNode = FALSE
	EndGlobalSection
	GlobalSection(ExtensibilityGlobals) = postSolution
		SolutionGuid = {5B508BCA-5CE2-4AD9-9B11-A6BB1086CB53}
	EndGlobalSection
EndGlobal
